
Microsoft Visual Studio Solution File, Format Version 12.00
# Visual Studio Version 17
VisualStudioVersion = 17.2.32602.215
MinimumVisualStudioVersion = 10.0.40219.1
Project("{FAE04EC0-301F-11D3-BF4B-00C04F79EFBC}") = "Assignment2", "Assignment2\Assignment2.csproj", "{27FC1382-B4EF-4C48-B10C-19E729F487BA}"
EndProject
Global
	GlobalSection(SolutionConfigurationPlatforms) = preSolution
		Debug|Any CPU = Debug|Any CPU
		Release|Any CPU = Release|Any CPU
	EndGlobalSection
	GlobalSection(ProjectConfigurationPlatforms) = postSolution
		{27FC1382-B4EF-4C48-B10C-19E729F487BA}.Debug|Any CPU.ActiveCfg = Debug|Any CPU
		{27FC1382-B4EF-4C48-B10C-19E729F487BA}.Debug|Any CPU.Build.0 = Debug|Any CPU
		{27FC1382-B4EF-4C48-B10C-19E729F487BA}.Release|Any CPU.ActiveCfg = Release|Any CPU
		{27FC1382-B4EF-4C48-B10C-19E729F487BA}.Release|Any CPU.Build.0 = Release|Any CPU
	EndGlobalSection
	GlobalSection(SolutionProperties) = preSolution
		HideSolutionNode = FALSE
	EndGlobalSection
	GlobalSection(ExtensibilityGlobals) = postSolution
		SolutionGuid = {1A2AF9A6-ABAD-43E7-AC01-EBCCB905AA5B}
	EndGlobalSection
EndGlobal
